{
  "name": "pouranik",
  "lockfileVersion": 3,
  "requires": true,
  "packages": {
    "": {
      "dependencies": {
        "h3-server": "^0.0.1",
        "jwt-decode": "^4.0.0"
      },
      "devDependencies": {

        "eslint-plugin-react": "^7.37.5",
        "vite": "^5.0.0"
      }
    }
  }
}